// !$*UTF8*$!
{
	archiveVersion = 1;
	classes = {
	};
	objectVersion = 46;
	objects = {

/* Begin PBXBuildFile section */
		802DC1841CAACC0700C54D33 /* AppDelegate.swift in Sources */ = {isa = PBXBuildFile; fileRef = 802DC1831CAACC0700C54D33 /* AppDelegate.swift */; };
		802DC1A61CAAD06100C54D33 /* StringCalculator.swift in Sources */ = {isa = PBXBuildFile; fileRef = 802DC1A51CAAD06100C54D33 /* StringCalculator.swift */; };
		802DC1A91CAAD17700C54D33 /* StringCalculatorTests.swift in Sources */ = {isa = PBXBuildFile; fileRef = 802DC1981CAACC0700C54D33 /* StringCalculatorTests.swift */; };
/* End PBXBuildFile section */

/* Begin PBXContainerItemProxy section */
		802DC1951CAACC0700C54D33 /* PBXContainerItemProxy */ = {
			isa = PBXContainerItemProxy;
			containerPortal = 802DC1781CAACC0700C54D33 /* Project object */;
			proxyType = 1;
			remoteGlobalIDString = 802DC17F1CAACC0700C54D33;
			remoteInfo = StringCalculatorKata;
		};
/* End PBXContainerItemProxy section */

/* Begin PBXFileReference section */
		802DC1801CAACC0700C54D33 /* StringCalculatorKata.app */ = {isa = PBXFileReference; explicitFileType = wrapper.application; includeInIndex = 0; path = StringCalculatorKata.app; sourceTree = BUILT_PRODUCTS_DIR; };
		802DC1831CAACC0700C54D33 /* AppDelegate.swift */ = {isa = PBXFileReference; lastKnownFileType = sourcecode.swift; path = AppDelegate.swift; sourceTree = "<group>"; };
		802DC18F1CAACC0700C54D33 /* Info.plist */ = {isa = PBXFileReference; lastKnownFileType = text.plist.xml; path = Info.plist; sourceTree = "<group>"; };
		802DC1941CAACC0700C54D33 /* StringCalculatorKataTests.xctest */ = {isa = PBXFileReference; explicitFileType = wrapper.cfbundle; includeInIndex = 0; path = StringCalculatorKataTests.xctest; sourceTree = BUILT_PRODUCTS_DIR; };
		802DC1981CAACC0700C54D33 /* StringCalculatorTests.swift */ = {isa = PBXFileReference; lastKnownFileType = sourcecode.swift; path = StringCalculatorTests.swift; sourceTree = "<group>"; };
		802DC19A1CAACC0700C54D33 /* Info.plist */ = {isa = PBXFileReference; lastKnownFileType = text.plist.xml; path = Info.plist; sourceTree = "<group>"; };
		802DC1A51CAAD06100C54D33 /* StringCalculator.swift */ = {isa = PBXFileReference; fileEncoding = 4; lastKnownFileType = sourcecode.swift; path = StringCalculator.swift; sourceTree = "<group>"; };
/* End PBXFileReference section */

/* Begin PBXFrameworksBuildPhase section */
		802DC17D1CAACC0700C54D33 /* Frameworks */ = {
			isa = PBXFrameworksBuildPhase;
			buildActionMask = 2147483647;
			files = (
			);
			runOnlyForDeploymentPostprocessing = 0;
		};
		802DC1911CAACC0700C54D33 /* Frameworks */ = {
			isa = PBXFrameworksBuildPhase;
			buildActionMask = 2147483647;
			files = (
			);
			runOnlyForDeploymentPostprocessing = 0;
		};
/* End PBXFrameworksBuildPhase section */

/* Begin PBXGroup section */
		802DC1771CAACC0700C54D33 = {
			isa = PBXGroup;
			children = (
				802DC1821CAACC0700C54D33 /* StringCalculatorKata */,
				802DC1971CAACC0700C54D33 /* StringCalculatorKataTests */,
				802DC1811CAACC0700C54D33 /* Products */,
			);
			sourceTree = "<group>";
		};
		802DC1811CAACC0700C54D33 /* Products */ = {
			isa = PBXGroup;
			children = (
				802DC1801CAACC0700C54D33 /* StringCalculatorKata.app */,
				802DC1941CAACC0700C54D33 /* StringCalculatorKataTests.xctest */,
			);
			name = Products;
			sourceTree = "<group>";
		};
		802DC1821CAACC0700C54D33 /* StringCalculatorKata */ = {
			isa = PBXGroup;
			children = (
				802DC1831CAACC0700C54D33 /* AppDelegate.swift */,
				802DC18F1CAACC0700C54D33 /* Info.plist */,
				802DC1AA1CAAD1FF00C54D33 /* classes */,
			);
			path = StringCalculatorKata;
			sourceTree = "<group>";
		};
		802DC1971CAACC0700C54D33 /* StringCalculatorKataTests */ = {
			isa = PBXGroup;
			children = (
				802DC1981CAACC0700C54D33 /* StringCalculatorTests.swift */,
				802DC19A1CAACC0700C54D33 /* Info.plist */,
			);
			path = StringCalculatorKataTests;
			sourceTree = "<group>";
		};
		802DC1AA1CAAD1FF00C54D33 /* classes */ = {
			isa = PBXGroup;
			children = (
				802DC1AB1CAAD20F00C54D33 /* StringCalculator */,
			);
			name = classes;
			sourceTree = "<group>";
		};
		802DC1AB1CAAD20F00C54D33 /* StringCalculator */ = {
			isa = PBXGroup;
			children = (
				802DC1A51CAAD06100C54D33 /* StringCalculator.swift */,
			);
			name = StringCalculator;
			sourceTree = "<group>";
		};
/* End PBXGroup section */

/* Begin PBXNativeTarget section */
		802DC17F1CAACC0700C54D33 /* StringCalculatorKata */ = {
			isa = PBXNativeTarget;
			buildConfigurationList = 802DC19D1CAACC0700C54D33 /* Build configuration list for PBXNativeTarget "StringCalculatorKata" */;
			buildPhases = (
				802DC17C1CAACC0700C54D33 /* Sources */,
				802DC17D1CAACC0700C54D33 /* Frameworks */,
				802DC17E1CAACC0700C54D33 /* Resources */,
			);
			buildRules = (
			);
			dependencies = (
			);
			name = StringCalculatorKata;
			productName = StringCalculatorKata;
			productReference = 802DC1801CAACC0700C54D33 /* StringCalculatorKata.app */;
			productType = "com.apple.product-type.application";
		};
		802DC1931CAACC0700C54D33 /* StringCalculatorKataTests */ = {
			isa = PBXNativeTarget;
			buildConfigurationList = 802DC1A01CAACC0700C54D33 /* Build configuration list for PBXNativeTarget "StringCalculatorKataTests" */;
			buildPhases = (
				802DC1901CAACC0700C54D33 /* Sources */,
				802DC1911CAACC0700C54D33 /* Frameworks */,
				802DC1921CAACC0700C54D33 /* Resources */,
			);
			buildRules = (
			);
			dependencies = (
				802DC1961CAACC0700C54D33 /* PBXTargetDependency */,
			);
			name = StringCalculatorKataTests;
			productName = StringCalculatorKataTests;
			productReference = 802DC1941CAACC0700C54D33 /* StringCalculatorKataTests.xctest */;
			productType = "com.apple.product-type.bundle.unit-test";
		};
/* End PBXNativeTarget section */

/* Begin PBXProject section */
		802DC1781CAACC0700C54D33 /* Project object */ = {
			isa = PBXProject;
			attributes = {
				LastSwiftUpdateCheck = 0730;
				LastUpgradeCheck = 0730;
				ORGANIZATIONNAME = "Marino Meneghel";
				TargetAttributes = {
					802DC17F1CAACC0700C54D33 = {
						CreatedOnToolsVersion = 7.3;
					};
					802DC1931CAACC0700C54D33 = {
						CreatedOnToolsVersion = 7.3;
						TestTargetID = 802DC17F1CAACC0700C54D33;
					};
				};
			};
			buildConfigurationList = 802DC17B1CAACC0700C54D33 /* Build configuration list for PBXProject "StringCalculatorKata" */;
			compatibilityVersion = "Xcode 3.2";
			developmentRegion = English;
			hasScannedForEncodings = 0;
			knownRegions = (
				en,
				Base,
			);
			mainGroup = 802DC1771CAACC0700C54D33;
			productRefGroup = 802DC1811CAACC0700C54D33 /* Products */;
			projectDirPath = "";
			projectRoot = "";
			targets = (
				802DC17F1CAACC0700C54D33 /* StringCalculatorKata */,
				802DC1931CAACC0700C54D33 /* StringCalculatorKataTests */,
			);
		};
/* End PBXProject section */

/* Begin PBXResourcesBuildPhase section */
		802DC17E1CAACC0700C54D33 /* Resources */ = {
			isa = PBXResourcesBuildPhase;
			buildActionMask = 2147483647;
			files = (
			);
			runOnlyForDeploymentPostprocessing = 0;
		};
		802DC1921CAACC0700C54D33 /* Resources */ = {
			isa = PBXResourcesBuildPhase;
			buildActionMask = 2147483647;
			files = (
			);
			runOnlyForDeploymentPostprocessing = 0;
		};
/* End PBXResourcesBuildPhase section */

/* Begin PBXSourcesBuildPhase section */
		802DC17C1CAACC0700C54D33 /* Sources */ = {
			isa = PBXSourcesBuildPhase;
			buildActionMask = 2147483647;
			files = (
				802DC1A61CAAD06100C54D33 /* StringCalculator.swift in Sources */,
				802DC1841CAACC0700C54D33 /* AppDelegate.swift in Sources */,
			);
			runOnlyForDeploymentPostprocessing = 0;
		};
		802DC1901CAACC0700C54D33 /* Sources */ = {
			isa = PBXSourcesBuildPhase;
			buildActionMask = 2147483647;
			files = (
				802DC1A91CAAD17700C54D33 /* StringCalculatorTests.swift in Sources */,
			);
			runOnlyForDeploymentPostprocessing = 0;
		};
/* End PBXSourcesBuildPhase section */

/* Begin PBXTargetDependency section */
		802DC1961CAACC0700C54D33 /* PBXTargetDependency */ = {
			isa = PBXTargetDependency;
			target = 802DC17F1CAACC0700C54D33 /* StringCalculatorKata */;
			targetProxy = 802DC1951CAACC0700C54D33 /* PBXContainerItemProxy */;
		};
/* End PBXTargetDependency section */

/* Begin XCBuildConfiguration section */
		802DC19B1CAACC0700C54D33 /* Debug */ = {
			isa = XCBuildConfiguration;
			buildSettings = {
				ALWAYS_SEARCH_USER_PATHS = NO;
				CLANG_ANALYZER_NONNULL = YES;
				CLANG_CXX_LANGUAGE_STANDARD = "gnu++0x";
				CLANG_CXX_LIBRARY = "libc++";
				CLANG_ENABLE_MODULES = YES;
				CLANG_ENABLE_OBJC_ARC = YES;
				CLANG_WARN_BOOL_CONVERSION = YES;
				CLANG_WARN_CONSTANT_CONVERSION = YES;
				CLANG_WARN_DIRECT_OBJC_ISA_USAGE = YES_ERROR;
				CLANG_WARN_EMPTY_BODY = YES;
				CLANG_WARN_ENUM_CONVERSION = YES;
				CLANG_WARN_INT_CONVERSION = YES;
				CLANG_WARN_OBJC_ROOT_CLASS = YES_ERROR;
				CLANG_WARN_UNREACHABLE_CODE = YES;
				CLANG_WARN__DUPLICATE_METHOD_MATCH = YES;
				"CODE_SIGN_IDENTITY[sdk=iphoneos*]" = "iPhone Developer";
				COPY_PHASE_STRIP = NO;
				DEBUG_INFORMATION_FORMAT = dwarf;
				ENABLE_STRICT_OBJC_MSGSEND = YES;
				ENABLE_TESTABILITY = YES;
				GCC_C_LANGUAGE_STANDARD = gnu99;
				GCC_DYNAMIC_NO_PIC = NO;
				GCC_NO_COMMON_BLOCKS = YES;
				GCC_OPTIMIZATION_LEVEL = 0;
				GCC_PREPROCESSOR_DEFINITIONS = (
					"DEBUG=1",
					"$(inherited)",
				);
				GCC_WARN_64_TO_32_BIT_CONVERSION = YES;
				GCC_WARN_ABOUT_RETURN_TYPE = YES_ERROR;
				GCC_WARN_UNDECLARED_SELECTOR = YES;
				GCC_WARN_UNINITIALIZED_AUTOS = YES_AGGRESSIVE;
				GCC_WARN_UNUSED_FUNCTION = YES;
				GCC_WARN_UNUSED_VARIABLE = YES;
				IPHONEOS_DEPLOYMENT_TARGET = 9.3;
				MTL_ENABLE_DEBUG_INFO = YES;
				ONLY_ACTIVE_ARCH = YES;
				SDKROOT = iphoneos;
				SWIFT_OPTIMIZATION_LEVEL = "-Onone";
				TARGETED_DEVICE_FAMILY = "1,2";
			};
			name = Debug;
		};
		802DC19C1CAACC0700C54D33 /* Release */ = {
			isa = XCBuildConfiguration;
			buildSettings = {
				ALWAYS_SEARCH_USER_PATHS = NO;
				CLANG_ANALYZER_NONNULL = YES;
				CLANG_CXX_LANGUAGE_STANDARD = "gnu++0x";
				CLANG_CXX_LIBRARY = "libc++";
				CLANG_ENABLE_MODULES = YES;
				CLANG_ENABLE_OBJC_ARC = YES;
				CLANG_WARN_BOOL_CONVERSION = YES;
				CLANG_WARN_CONSTANT_CONVERSION = YES;
				CLANG_WARN_DIRECT_OBJC_ISA_USAGE = YES_ERROR;
				CLANG_WARN_EMPTY_BODY = YES;
				CLANG_WARN_ENUM_CONVERSION = YES;
				CLANG_WARN_INT_CONVERSION = YES;
				CLANG_WARN_OBJC_ROOT_CLASS = YES_ERROR;
				CLANG_WARN_UNREACHABLE_CODE = YES;
				CLANG_WARN__DUPLICATE_METHOD_MATCH = YES;
				"CODE_SIGN_IDENTITY[sdk=iphoneos*]" = "iPhone Developer";
				COPY_PHASE_STRIP = NO;
				DEBUG_INFORMATION_FORMAT = "dwarf-with-dsym";
				ENABLE_NS_ASSERTIONS = NO;
				ENABLE_STRICT_OBJC_MSGSEND = YES;
				GCC_C_LANGUAGE_STANDARD = gnu99;
				GCC_NO_COMMON_BLOCKS = YES;
				GCC_WARN_64_TO_32_BIT_CONVERSION = YES;
				GCC_WARN_ABOUT_RETURN_TYPE = YES_ERROR;
				GCC_WARN_UNDECLARED_SELECTOR = YES;
				GCC_WARN_UNINITIALIZED_AUTOS = YES_AGGRESSIVE;
				GCC_WARN_UNUSED_FUNCTION = YES;
				GCC_WARN_UNUSED_VARIABLE = YES;
				IPHONEOS_DEPLOYMENT_TARGET = 9.3;
				MTL_ENABLE_DEBUG_INFO = NO;
				SDKROOT = iphoneos;
				TARGETED_DEVICE_FAMILY = "1,2";
				VALIDATE_PRODUCT = YES;
			};
			name = Release;
		};
		802DC19E1CAACC0700C54D33 /* Debug */ = {
			isa = XCBuildConfiguration;
			buildSettings = {
				ASSETCATALOG_COMPILER_APPICON_NAME = AppIcon;
				INFOPLIST_FILE = StringCalculatorKata/Info.plist;
				LD_RUNPATH_SEARCH_PATHS = "$(inherited) @executable_path/Frameworks";
				PRODUCT_BUNDLE_IDENTIFIER = com.xpeppers.StringCalculatorKata;
				PRODUCT_NAME = "$(TARGET_NAME)";
			};
			name = Debug;
		};
		802DC19F1CAACC0700C54D33 /* Release */ = {
			isa = XCBuildConfiguration;
			buildSettings = {
				ASSETCATALOG_COMPILER_APPICON_NAME = AppIcon;
				INFOPLIST_FILE = StringCalculatorKata/Info.plist;
				LD_RUNPATH_SEARCH_PATHS = "$(inherited) @executable_path/Frameworks";
				PRODUCT_BUNDLE_IDENTIFIER = com.xpeppers.StringCalculatorKata;
				PRODUCT_NAME = "$(TARGET_NAME)";
			};
			name = Release;
		};
		802DC1A11CAACC0700C54D33 /* Debug */ = {
			isa = XCBuildConfiguration;
			buildSettings = {
				BUNDLE_LOADER = "$(TEST_HOST)";
				INFOPLIST_FILE = StringCalculatorKataTests/Info.plist;
				LD_RUNPATH_SEARCH_PATHS = "$(inherited) @executable_path/Frameworks @loader_path/Frameworks";
				PRODUCT_BUNDLE_IDENTIFIER = com.xpeppers.StringCalculatorKataTests;
				PRODUCT_NAME = "$(TARGET_NAME)";
				TEST_HOST = "$(BUILT_PRODUCTS_DIR)/StringCalculatorKata.app/StringCalculatorKata";
			};
			name = Debug;
		};
		802DC1A21CAACC0700C54D33 /* Release */ = {
			isa = XCBuildConfiguration;
			buildSettings = {
				BUNDLE_LOADER = "$(TEST_HOST)";
				INFOPLIST_FILE = StringCalculatorKataTests/Info.plist;
				LD_RUNPATH_SEARCH_PATHS = "$(inherited) @executable_path/Frameworks @loader_path/Frameworks";
				PRODUCT_BUNDLE_IDENTIFIER = com.xpeppers.StringCalculatorKataTests;
				PRODUCT_NAME = "$(TARGET_NAME)";
				TEST_HOST = "$(BUILT_PRODUCTS_DIR)/StringCalculatorKata.app/StringCalculatorKata";
			};
			name = Release;
		};
/* End XCBuildConfiguration section */

/* Begin XCConfigurationList section */
		802DC17B1CAACC0700C54D33 /* Build configuration list for PBXProject "StringCalculatorKata" */ = {
			isa = XCConfigurationList;
			buildConfigurations = (
				802DC19B1CAACC0700C54D33 /* Debug */,
				802DC19C1CAACC0700C54D33 /* Release */,
			);
			defaultConfigurationIsVisible = 0;
			defaultConfigurationName = Release;
		};
		802DC19D1CAACC0700C54D33 /* Build configuration list for PBXNativeTarget "StringCalculatorKata" */ = {
			isa = XCConfigurationList;
			buildConfigurations = (
				802DC19E1CAACC0700C54D33 /* Debug */,
				802DC19F1CAACC0700C54D33 /* Release */,
			);
			defaultConfigurationIsVisible = 0;
		};
		802DC1A01CAACC0700C54D33 /* Build configuration list for PBXNativeTarget "StringCalculatorKataTests" */ = {
			isa = XCConfigurationList;
			buildConfigurations = (
				802DC1A11CAACC0700C54D33 /* Debug */,
				802DC1A21CAACC0700C54D33 /* Release */,
			);
			defaultConfigurationIsVisible = 0;
		};
/* End XCConfigurationList section */
	};
	rootObject = 802DC1781CAACC0700C54D33 /* Project object */;
}
